
Microsoft Visual Studio Solution File, Format Version 12.00
# Visual Studio Version 16
VisualStudioVersion = 16.0.32106.194
MinimumVisualStudioVersion = 10.0.40219.1
Project("{9A19103F-16F7-4668-BE54-9A1E7A4F7556}") = "FinanceBilling", "FinanceBilling\FinanceBilling.csproj", "{206711EE-230B-47B7-8A93-B3B3E92A7316}"
EndProject
Project("{2150E333-8FDC-42A3-9474-1A3956D46DE8}") = "DevExtreme NuGet.config", "DevExtreme NuGet.config", "{E8A09FDA-A364-403E-8BD0-FE4D69D66252}"
	ProjectSection(SolutionItems) = preProject
		NuGet.config = NuGet.config
	EndProjectSection
EndProject
Project("{9A19103F-16F7-4668-BE54-9A1E7A4F7556}") = "FinanceBillingData", "FinanceBillingData\FinanceBillingData.csproj", "{10FB0BB1-D9DE-4161-8E9C-286106B79407}"
EndProject
Project("{9A19103F-16F7-4668-BE54-9A1E7A4F7556}") = "FinanceBillingService", "FinanceBillingService\FinanceBillingService.csproj", "{A6FE3BFA-061B-4F06-A541-0D03BF7280A0}"
EndProject
Project("{9A19103F-16F7-4668-BE54-9A1E7A4F7556}") = "FinanceBillingModel", "FinanceBillingModel\FinanceBillingModel.csproj", "{84287193-6F47-44EB-BF71-1E8437591E92}"
EndProject
Global
	GlobalSection(SolutionConfigurationPlatforms) = preSolution
		Debug|Any CPU = Debug|Any CPU
		Release|Any CPU = Release|Any CPU
	EndGlobalSection
	GlobalSection(ProjectConfigurationPlatforms) = postSolution
		{206711EE-230B-47B7-8A93-B3B3E92A7316}.Debug|Any CPU.ActiveCfg = Debug|Any CPU
		{206711EE-230B-47B7-8A93-B3B3E92A7316}.Debug|Any CPU.Build.0 = Debug|Any CPU
		{206711EE-230B-47B7-8A93-B3B3E92A7316}.Release|Any CPU.ActiveCfg = Release|Any CPU
		{206711EE-230B-47B7-8A93-B3B3E92A7316}.Release|Any CPU.Build.0 = Release|Any CPU
		{10FB0BB1-D9DE-4161-8E9C-286106B79407}.Debug|Any CPU.ActiveCfg = Debug|Any CPU
		{10FB0BB1-D9DE-4161-8E9C-286106B79407}.Debug|Any CPU.Build.0 = Debug|Any CPU
		{10FB0BB1-D9DE-4161-8E9C-286106B79407}.Release|Any CPU.ActiveCfg = Release|Any CPU
		{10FB0BB1-D9DE-4161-8E9C-286106B79407}.Release|Any CPU.Build.0 = Release|Any CPU
		{A6FE3BFA-061B-4F06-A541-0D03BF7280A0}.Debug|Any CPU.ActiveCfg = Debug|Any CPU
		{A6FE3BFA-061B-4F06-A541-0D03BF7280A0}.Debug|Any CPU.Build.0 = Debug|Any CPU
		{A6FE3BFA-061B-4F06-A541-0D03BF7280A0}.Release|Any CPU.ActiveCfg = Release|Any CPU
		{A6FE3BFA-061B-4F06-A541-0D03BF7280A0}.Release|Any CPU.Build.0 = Release|Any CPU
		{84287193-6F47-44EB-BF71-1E8437591E92}.Debug|Any CPU.ActiveCfg = Debug|Any CPU
		{84287193-6F47-44EB-BF71-1E8437591E92}.Debug|Any CPU.Build.0 = Debug|Any CPU
		{84287193-6F47-44EB-BF71-1E8437591E92}.Release|Any CPU.ActiveCfg = Release|Any CPU
		{84287193-6F47-44EB-BF71-1E8437591E92}.Release|Any CPU.Build.0 = Release|Any CPU
	EndGlobalSection
	GlobalSection(SolutionProperties) = preSolution
		HideSolutionNode = FALSE
	EndGlobalSection
	GlobalSection(ExtensibilityGlobals) = postSolution
		SolutionGuid = {59EF344B-B19D-4BAF-AEC4-2B03DB38033C}
	EndGlobalSection
EndGlobal
